// !$*UTF8*$!
{
	archiveVersion = 1;
	classes = {
	};
	objectVersion = 50;
	objects = {

/* Begin PBXBuildFile section */
		F2997B932666B3810011969D /* NommiesApp.swift in Sources */ = {isa = PBXBuildFile; fileRef = F2997B922666B3810011969D /* NommiesApp.swift */; };
		F2997B952666B3810011969D /* WelcomeView.swift in Sources */ = {isa = PBXBuildFile; fileRef = F2997B942666B3810011969D /* WelcomeView.swift */; };
		F2997B972666B3840011969D /* Assets.xcassets in Resources */ = {isa = PBXBuildFile; fileRef = F2997B962666B3840011969D /* Assets.xcassets */; };
		F2997B9A2666B3840011969D /* Preview Assets.xcassets in Resources */ = {isa = PBXBuildFile; fileRef = F2997B992666B3840011969D /* Preview Assets.xcassets */; };
		F2A80774266758DF00DE096C /* Launch Screen.storyboard in Resources */ = {isa = PBXBuildFile; fileRef = F2A80773266758DF00DE096C /* Launch Screen.storyboard */; };
		F2A8078326675BBB00DE096C /* Keedy SansBold.ttf in Resources */ = {isa = PBXBuildFile; fileRef = F2A8078126675BBB00DE096C /* Keedy SansBold.ttf */; };
		F2A80787266771D700DE096C /* SubmissionButtonView.swift in Sources */ = {isa = PBXBuildFile; fileRef = F2A80786266771D700DE096C /* SubmissionButtonView.swift */; };
		F2A8078926677F7300DE096C /* RegisterView.swift in Sources */ = {isa = PBXBuildFile; fileRef = F2A8078826677F7300DE096C /* RegisterView.swift */; };
		F2A8078B266787EF00DE096C /* DoneView.swift in Sources */ = {isa = PBXBuildFile; fileRef = F2A8078A266787EF00DE096C /* DoneView.swift */; };
		F2A8078D26678A1A00DE096C /* HomeView.swift in Sources */ = {isa = PBXBuildFile; fileRef = F2A8078C26678A1A00DE096C /* HomeView.swift */; };
/* End PBXBuildFile section */

/* Begin PBXFileReference section */
		F2997B8F2666B3810011969D /* Nommies.app */ = {isa = PBXFileReference; explicitFileType = wrapper.application; includeInIndex = 0; path = Nommies.app; sourceTree = BUILT_PRODUCTS_DIR; };
		F2997B922666B3810011969D /* NommiesApp.swift */ = {isa = PBXFileReference; lastKnownFileType = sourcecode.swift; path = NommiesApp.swift; sourceTree = "<group>"; };
		F2997B942666B3810011969D /* WelcomeView.swift */ = {isa = PBXFileReference; lastKnownFileType = sourcecode.swift; path = WelcomeView.swift; sourceTree = "<group>"; };
		F2997B962666B3840011969D /* Assets.xcassets */ = {isa = PBXFileReference; lastKnownFileType = folder.assetcatalog; path = Assets.xcassets; sourceTree = "<group>"; };
		F2997B992666B3840011969D /* Preview Assets.xcassets */ = {isa = PBXFileReference; lastKnownFileType = folder.assetcatalog; path = "Preview Assets.xcassets"; sourceTree = "<group>"; };
		F2997B9B2666B3840011969D /* Info.plist */ = {isa = PBXFileReference; lastKnownFileType = text.plist.xml; path = Info.plist; sourceTree = "<group>"; };
		F2A80773266758DF00DE096C /* Launch Screen.storyboard */ = {isa = PBXFileReference; lastKnownFileType = file.storyboard; path = "Launch Screen.storyboard"; sourceTree = "<group>"; };
		F2A8078126675BBB00DE096C /* Keedy SansBold.ttf */ = {isa = PBXFileReference; lastKnownFileType = file; path = "Keedy SansBold.ttf"; sourceTree = "<group>"; };
		F2A80786266771D700DE096C /* SubmissionButtonView.swift */ = {isa = PBXFileReference; lastKnownFileType = sourcecode.swift; path = SubmissionButtonView.swift; sourceTree = "<group>"; };
		F2A8078826677F7300DE096C /* RegisterView.swift */ = {isa = PBXFileReference; lastKnownFileType = sourcecode.swift; path = RegisterView.swift; sourceTree = "<group>"; };
		F2A8078A266787EF00DE096C /* DoneView.swift */ = {isa = PBXFileReference; lastKnownFileType = sourcecode.swift; path = DoneView.swift; sourceTree = "<group>"; };
		F2A8078C26678A1A00DE096C /* HomeView.swift */ = {isa = PBXFileReference; lastKnownFileType = sourcecode.swift; path = HomeView.swift; sourceTree = "<group>"; };
/* End PBXFileReference section */

/* Begin PBXFrameworksBuildPhase section */
		F2997B8C2666B3810011969D /* Frameworks */ = {
			isa = PBXFrameworksBuildPhase;
			buildActionMask = 2147483647;
			files = (
			);
			runOnlyForDeploymentPostprocessing = 0;
		};
/* End PBXFrameworksBuildPhase section */

/* Begin PBXGroup section */
		F2997B862666B3810011969D = {
			isa = PBXGroup;
			children = (
				F2997B912666B3810011969D /* Nommies */,
				F2997B902666B3810011969D /* Products */,
			);
			sourceTree = "<group>";
		};
		F2997B902666B3810011969D /* Products */ = {
			isa = PBXGroup;
			children = (
				F2997B8F2666B3810011969D /* Nommies.app */,
			);
			name = Products;
			sourceTree = "<group>";
		};
		F2997B912666B3810011969D /* Nommies */ = {
			isa = PBXGroup;
			children = (
				F2A80785266771B100DE096C /* View */,
				F2A807752667594C00DE096C /* Fonts */,
				F2A80784266771A900DE096C /* App */,
				F2997B962666B3840011969D /* Assets.xcassets */,
				F2997B9B2666B3840011969D /* Info.plist */,
				F2A80773266758DF00DE096C /* Launch Screen.storyboard */,
				F2997B982666B3840011969D /* Preview Content */,
			);
			path = Nommies;
			sourceTree = "<group>";
		};
		F2997B982666B3840011969D /* Preview Content */ = {
			isa = PBXGroup;
			children = (
				F2997B992666B3840011969D /* Preview Assets.xcassets */,
			);
			path = "Preview Content";
			sourceTree = "<group>";
		};
		F2A807752667594C00DE096C /* Fonts */ = {
			isa = PBXGroup;
			children = (
				F2A8078126675BBB00DE096C /* Keedy SansBold.ttf */,
			);
			path = Fonts;
			sourceTree = "<group>";
		};
		F2A80784266771A900DE096C /* App */ = {
			isa = PBXGroup;
			children = (
				F2997B922666B3810011969D /* NommiesApp.swift */,
				F2997B942666B3810011969D /* WelcomeView.swift */,
				F2A8078826677F7300DE096C /* RegisterView.swift */,
				F2A8078A266787EF00DE096C /* DoneView.swift */,
				F2A8078C26678A1A00DE096C /* HomeView.swift */,
			);
			path = App;
			sourceTree = "<group>";
		};
		F2A80785266771B100DE096C /* View */ = {
			isa = PBXGroup;
			children = (
				F2A80786266771D700DE096C /* SubmissionButtonView.swift */,
			);
			path = View;
			sourceTree = "<group>";
		};
/* End PBXGroup section */

/* Begin PBXNativeTarget section */
		F2997B8E2666B3810011969D /* Nommies */ = {
			isa = PBXNativeTarget;
			buildConfigurationList = F2997B9E2666B3840011969D /* Build configuration list for PBXNativeTarget "Nommies" */;
			buildPhases = (
				F2997B8B2666B3810011969D /* Sources */,
				F2997B8C2666B3810011969D /* Frameworks */,
				F2997B8D2666B3810011969D /* Resources */,
			);
			buildRules = (
			);
			dependencies = (
			);
			name = Nommies;
			productName = Nommies;
			productReference = F2997B8F2666B3810011969D /* Nommies.app */;
			productType = "com.apple.product-type.application";
		};
/* End PBXNativeTarget section */

/* Begin PBXProject section */
		F2997B872666B3810011969D /* Project object */ = {
			isa = PBXProject;
			attributes = {
				LastSwiftUpdateCheck = 1250;
				LastUpgradeCheck = 1250;
				TargetAttributes = {
					F2997B8E2666B3810011969D = {
						CreatedOnToolsVersion = 12.5;
					};
				};
			};
			buildConfigurationList = F2997B8A2666B3810011969D /* Build configuration list for PBXProject "Nommies" */;
			compatibilityVersion = "Xcode 9.3";
			developmentRegion = en;
			hasScannedForEncodings = 0;
			knownRegions = (
				en,
				Base,
			);
			mainGroup = F2997B862666B3810011969D;
			productRefGroup = F2997B902666B3810011969D /* Products */;
			projectDirPath = "";
			projectRoot = "";
			targets = (
				F2997B8E2666B3810011969D /* Nommies */,
			);
		};
/* End PBXProject section */

/* Begin PBXResourcesBuildPhase section */
		F2997B8D2666B3810011969D /* Resources */ = {
			isa = PBXResourcesBuildPhase;
			buildActionMask = 2147483647;
			files = (
				F2A80774266758DF00DE096C /* Launch Screen.storyboard in Resources */,
				F2A8078326675BBB00DE096C /* Keedy SansBold.ttf in Resources */,
				F2997B9A2666B3840011969D /* Preview Assets.xcassets in Resources */,
				F2997B972666B3840011969D /* Assets.xcassets in Resources */,
			);
			runOnlyForDeploymentPostprocessing = 0;
		};
/* End PBXResourcesBuildPhase section */

/* Begin PBXSourcesBuildPhase section */
		F2997B8B2666B3810011969D /* Sources */ = {
			isa = PBXSourcesBuildPhase;
			buildActionMask = 2147483647;
			files = (
				F2A80787266771D700DE096C /* SubmissionButtonView.swift in Sources */,
				F2A8078926677F7300DE096C /* RegisterView.swift in Sources */,
				F2997B952666B3810011969D /* WelcomeView.swift in Sources */,
				F2A8078D26678A1A00DE096C /* HomeView.swift in Sources */,
				F2A8078B266787EF00DE096C /* DoneView.swift in Sources */,
				F2997B932666B3810011969D /* NommiesApp.swift in Sources */,
			);
			runOnlyForDeploymentPostprocessing = 0;
		};
/* End PBXSourcesBuildPhase section */

/* Begin XCBuildConfiguration section */
		F2997B9C2666B3840011969D /* Dev Debug */ = {
			isa = XCBuildConfiguration;
			buildSettings = {
				ALWAYS_SEARCH_USER_PATHS = NO;
				CLANG_ANALYZER_NONNULL = YES;
				CLANG_ANALYZER_NUMBER_OBJECT_CONVERSION = YES_AGGRESSIVE;
				CLANG_CXX_LANGUAGE_STANDARD = "gnu++14";
				CLANG_CXX_LIBRARY = "libc++";
				CLANG_ENABLE_MODULES = YES;
				CLANG_ENABLE_OBJC_ARC = YES;
				CLANG_ENABLE_OBJC_WEAK = YES;
				CLANG_WARN_BLOCK_CAPTURE_AUTORELEASING = YES;
				CLANG_WARN_BOOL_CONVERSION = YES;
				CLANG_WARN_COMMA = YES;
				CLANG_WARN_CONSTANT_CONVERSION = YES;
				CLANG_WARN_DEPRECATED_OBJC_IMPLEMENTATIONS = YES;
				CLANG_WARN_DIRECT_OBJC_ISA_USAGE = YES_ERROR;
				CLANG_WARN_DOCUMENTATION_COMMENTS = YES;
				CLANG_WARN_EMPTY_BODY = YES;
				CLANG_WARN_ENUM_CONVERSION = YES;
				CLANG_WARN_INFINITE_RECURSION = YES;
				CLANG_WARN_INT_CONVERSION = YES;
				CLANG_WARN_NON_LITERAL_NULL_CONVERSION = YES;
				CLANG_WARN_OBJC_IMPLICIT_RETAIN_SELF = YES;
				CLANG_WARN_OBJC_LITERAL_CONVERSION = YES;
				CLANG_WARN_OBJC_ROOT_CLASS = YES_ERROR;
				CLANG_WARN_QUOTED_INCLUDE_IN_FRAMEWORK_HEADER = YES;
				CLANG_WARN_RANGE_LOOP_ANALYSIS = YES;
				CLANG_WARN_STRICT_PROTOTYPES = YES;
				CLANG_WARN_SUSPICIOUS_MOVE = YES;
				CLANG_WARN_UNGUARDED_AVAILABILITY = YES_AGGRESSIVE;
				CLANG_WARN_UNREACHABLE_CODE = YES;
				CLANG_WARN__DUPLICATE_METHOD_MATCH = YES;
				COPY_PHASE_STRIP = NO;
				DEBUG_INFORMATION_FORMAT = dwarf;
				ENABLE_STRICT_OBJC_MSGSEND = YES;
				ENABLE_TESTABILITY = YES;
				GCC_C_LANGUAGE_STANDARD = gnu11;
				GCC_DYNAMIC_NO_PIC = NO;
				GCC_NO_COMMON_BLOCKS = YES;
				GCC_OPTIMIZATION_LEVEL = 0;
				GCC_PREPROCESSOR_DEFINITIONS = (
					"DEBUG=1",
					"$(inherited)",
				);
				GCC_WARN_64_TO_32_BIT_CONVERSION = YES;
				GCC_WARN_ABOUT_RETURN_TYPE = YES_ERROR;
				GCC_WARN_UNDECLARED_SELECTOR = YES;
				GCC_WARN_UNINITIALIZED_AUTOS = YES_AGGRESSIVE;
				GCC_WARN_UNUSED_FUNCTION = YES;
				GCC_WARN_UNUSED_VARIABLE = YES;
				IPHONEOS_DEPLOYMENT_TARGET = 14.5;
				MTL_ENABLE_DEBUG_INFO = INCLUDE_SOURCE;
				MTL_FAST_MATH = YES;
				ONLY_ACTIVE_ARCH = YES;
				SDKROOT = iphoneos;
				SWIFT_ACTIVE_COMPILATION_CONDITIONS = DEBUG;
				SWIFT_OPTIMIZATION_LEVEL = "-Onone";
			};
			name = "Dev Debug";
		};
		F2997B9D2666B3840011969D /* Dev Release */ = {
			isa = XCBuildConfiguration;
			buildSettings = {
				ALWAYS_SEARCH_USER_PATHS = NO;
				CLANG_ANALYZER_NONNULL = YES;
				CLANG_ANALYZER_NUMBER_OBJECT_CONVERSION = YES_AGGRESSIVE;
				CLANG_CXX_LANGUAGE_STANDARD = "gnu++14";
				CLANG_CXX_LIBRARY = "libc++";
				CLANG_ENABLE_MODULES = YES;
				CLANG_ENABLE_OBJC_ARC = YES;
				CLANG_ENABLE_OBJC_WEAK = YES;
				CLANG_WARN_BLOCK_CAPTURE_AUTORELEASING = YES;
				CLANG_WARN_BOOL_CONVERSION = YES;
				CLANG_WARN_COMMA = YES;
				CLANG_WARN_CONSTANT_CONVERSION = YES;
				CLANG_WARN_DEPRECATED_OBJC_IMPLEMENTATIONS = YES;
				CLANG_WARN_DIRECT_OBJC_ISA_USAGE = YES_ERROR;
				CLANG_WARN_DOCUMENTATION_COMMENTS = YES;
				CLANG_WARN_EMPTY_BODY = YES;
				CLANG_WARN_ENUM_CONVERSION = YES;
				CLANG_WARN_INFINITE_RECURSION = YES;
				CLANG_WARN_INT_CONVERSION = YES;
				CLANG_WARN_NON_LITERAL_NULL_CONVERSION = YES;
				CLANG_WARN_OBJC_IMPLICIT_RETAIN_SELF = YES;
				CLANG_WARN_OBJC_LITERAL_CONVERSION = YES;
				CLANG_WARN_OBJC_ROOT_CLASS = YES_ERROR;
				CLANG_WARN_QUOTED_INCLUDE_IN_FRAMEWORK_HEADER = YES;
				CLANG_WARN_RANGE_LOOP_ANALYSIS = YES;
				CLANG_WARN_STRICT_PROTOTYPES = YES;
				CLANG_WARN_SUSPICIOUS_MOVE = YES;
				CLANG_WARN_UNGUARDED_AVAILABILITY = YES_AGGRESSIVE;
				CLANG_WARN_UNREACHABLE_CODE = YES;
				CLANG_WARN__DUPLICATE_METHOD_MATCH = YES;
				COPY_PHASE_STRIP = NO;
				DEBUG_INFORMATION_FORMAT = "dwarf-with-dsym";
				ENABLE_NS_ASSERTIONS = NO;
				ENABLE_STRICT_OBJC_MSGSEND = YES;
				GCC_C_LANGUAGE_STANDARD = gnu11;
				GCC_NO_COMMON_BLOCKS = YES;
				GCC_WARN_64_TO_32_BIT_CONVERSION = YES;
				GCC_WARN_ABOUT_RETURN_TYPE = YES_ERROR;
				GCC_WARN_UNDECLARED_SELECTOR = YES;
				GCC_WARN_UNINITIALIZED_AUTOS = YES_AGGRESSIVE;
				GCC_WARN_UNUSED_FUNCTION = YES;
				GCC_WARN_UNUSED_VARIABLE = YES;
				IPHONEOS_DEPLOYMENT_TARGET = 14.5;
				MTL_ENABLE_DEBUG_INFO = NO;
				MTL_FAST_MATH = YES;
				SDKROOT = iphoneos;
				SWIFT_COMPILATION_MODE = wholemodule;
				SWIFT_OPTIMIZATION_LEVEL = "-O";
				VALIDATE_PRODUCT = YES;
			};
			name = "Dev Release";
		};
		F2997B9F2666B3840011969D /* Dev Debug */ = {
			isa = XCBuildConfiguration;
			buildSettings = {
				APP_NAME = "Nommies Dev";
				ASSETCATALOG_COMPILER_APPICON_NAME = AppIcon;
				ASSETCATALOG_COMPILER_GLOBAL_ACCENT_COLOR_NAME = AccentColor;
				CODE_SIGN_STYLE = Automatic;
				DEVELOPMENT_ASSET_PATHS = "\"Nommies/Preview Content\"";
				DEVELOPMENT_TEAM = 3V6GH9JAQD;
				ENABLE_PREVIEWS = YES;
				INFOPLIST_FILE = Nommies/Info.plist;
				IPHONEOS_DEPLOYMENT_TARGET = 14.0;
				LD_RUNPATH_SEARCH_PATHS = (
					"$(inherited)",
					"@executable_path/Frameworks",
				);
				PRODUCT_BUNDLE_IDENTIFIER = com.pf.Nommies_Dev;
				PRODUCT_NAME = "$(TARGET_NAME)";
				SWIFT_ACTIVE_COMPILATION_CONDITIONS = "DEBUG DEV";
				SWIFT_VERSION = 5.0;
				TARGETED_DEVICE_FAMILY = 1;
			};
			name = "Dev Debug";
		};
		F2997BA02666B3840011969D /* Dev Release */ = {
			isa = XCBuildConfiguration;
			buildSettings = {
				APP_NAME = "Nommies Dev";
				ASSETCATALOG_COMPILER_APPICON_NAME = AppIcon;
				ASSETCATALOG_COMPILER_GLOBAL_ACCENT_COLOR_NAME = AccentColor;
				CODE_SIGN_STYLE = Automatic;
				DEVELOPMENT_ASSET_PATHS = "\"Nommies/Preview Content\"";
				DEVELOPMENT_TEAM = 3V6GH9JAQD;
				ENABLE_PREVIEWS = YES;
				INFOPLIST_FILE = Nommies/Info.plist;
				IPHONEOS_DEPLOYMENT_TARGET = 14.0;
				LD_RUNPATH_SEARCH_PATHS = (
					"$(inherited)",
					"@executable_path/Frameworks",
				);
				PRODUCT_BUNDLE_IDENTIFIER = com.pf.Nommies_Dev;
				PRODUCT_NAME = "$(TARGET_NAME)";
				SWIFT_ACTIVE_COMPILATION_CONDITIONS = DEV;
				SWIFT_VERSION = 5.0;
				TARGETED_DEVICE_FAMILY = 1;
			};
			name = "Dev Release";
		};
		F2997BA12666B3FE0011969D /* Prod Debug */ = {
			isa = XCBuildConfiguration;
			buildSettings = {
				ALWAYS_SEARCH_USER_PATHS = NO;
				CLANG_ANALYZER_NONNULL = YES;
				CLANG_ANALYZER_NUMBER_OBJECT_CONVERSION = YES_AGGRESSIVE;
				CLANG_CXX_LANGUAGE_STANDARD = "gnu++14";
				CLANG_CXX_LIBRARY = "libc++";
				CLANG_ENABLE_MODULES = YES;
				CLANG_ENABLE_OBJC_ARC = YES;
				CLANG_ENABLE_OBJC_WEAK = YES;
				CLANG_WARN_BLOCK_CAPTURE_AUTORELEASING = YES;
				CLANG_WARN_BOOL_CONVERSION = YES;
				CLANG_WARN_COMMA = YES;
				CLANG_WARN_CONSTANT_CONVERSION = YES;
				CLANG_WARN_DEPRECATED_OBJC_IMPLEMENTATIONS = YES;
				CLANG_WARN_DIRECT_OBJC_ISA_USAGE = YES_ERROR;
				CLANG_WARN_DOCUMENTATION_COMMENTS = YES;
				CLANG_WARN_EMPTY_BODY = YES;
				CLANG_WARN_ENUM_CONVERSION = YES;
				CLANG_WARN_INFINITE_RECURSION = YES;
				CLANG_WARN_INT_CONVERSION = YES;
				CLANG_WARN_NON_LITERAL_NULL_CONVERSION = YES;
				CLANG_WARN_OBJC_IMPLICIT_RETAIN_SELF = YES;
				CLANG_WARN_OBJC_LITERAL_CONVERSION = YES;
				CLANG_WARN_OBJC_ROOT_CLASS = YES_ERROR;
				CLANG_WARN_QUOTED_INCLUDE_IN_FRAMEWORK_HEADER = YES;
				CLANG_WARN_RANGE_LOOP_ANALYSIS = YES;
				CLANG_WARN_STRICT_PROTOTYPES = YES;
				CLANG_WARN_SUSPICIOUS_MOVE = YES;
				CLANG_WARN_UNGUARDED_AVAILABILITY = YES_AGGRESSIVE;
				CLANG_WARN_UNREACHABLE_CODE = YES;
				CLANG_WARN__DUPLICATE_METHOD_MATCH = YES;
				COPY_PHASE_STRIP = NO;
				DEBUG_INFORMATION_FORMAT = dwarf;
				ENABLE_STRICT_OBJC_MSGSEND = YES;
				ENABLE_TESTABILITY = YES;
				GCC_C_LANGUAGE_STANDARD = gnu11;
				GCC_DYNAMIC_NO_PIC = NO;
				GCC_NO_COMMON_BLOCKS = YES;
				GCC_OPTIMIZATION_LEVEL = 0;
				GCC_PREPROCESSOR_DEFINITIONS = (
					"DEBUG=1",
					"$(inherited)",
				);
				GCC_WARN_64_TO_32_BIT_CONVERSION = YES;
				GCC_WARN_ABOUT_RETURN_TYPE = YES_ERROR;
				GCC_WARN_UNDECLARED_SELECTOR = YES;
				GCC_WARN_UNINITIALIZED_AUTOS = YES_AGGRESSIVE;
				GCC_WARN_UNUSED_FUNCTION = YES;
				GCC_WARN_UNUSED_VARIABLE = YES;
				IPHONEOS_DEPLOYMENT_TARGET = 14.5;
				MTL_ENABLE_DEBUG_INFO = INCLUDE_SOURCE;
				MTL_FAST_MATH = YES;
				ONLY_ACTIVE_ARCH = YES;
				SDKROOT = iphoneos;
				SWIFT_ACTIVE_COMPILATION_CONDITIONS = DEBUG;
				SWIFT_OPTIMIZATION_LEVEL = "-Onone";
			};
			name = "Prod Debug";
		};
		F2997BA22666B3FE0011969D /* Prod Debug */ = {
			isa = XCBuildConfiguration;
			buildSettings = {
				APP_NAME = "Nommies Prod";
				ASSETCATALOG_COMPILER_APPICON_NAME = AppIcon;
				ASSETCATALOG_COMPILER_GLOBAL_ACCENT_COLOR_NAME = AccentColor;
				CODE_SIGN_STYLE = Automatic;
				DEVELOPMENT_ASSET_PATHS = "\"Nommies/Preview Content\"";
				DEVELOPMENT_TEAM = 3V6GH9JAQD;
				ENABLE_PREVIEWS = YES;
				INFOPLIST_FILE = Nommies/Info.plist;
				IPHONEOS_DEPLOYMENT_TARGET = 14.0;
				LD_RUNPATH_SEARCH_PATHS = (
					"$(inherited)",
					"@executable_path/Frameworks",
				);
				PRODUCT_BUNDLE_IDENTIFIER = com.pf.Nommies_Prod;
				PRODUCT_NAME = "$(TARGET_NAME)";
				SWIFT_ACTIVE_COMPILATION_CONDITIONS = "DEBUG PROD";
				SWIFT_VERSION = 5.0;
				TARGETED_DEVICE_FAMILY = 1;
			};
			name = "Prod Debug";
		};
		F2997BA32666B40A0011969D /* Prod Release */ = {
			isa = XCBuildConfiguration;
			buildSettings = {
				ALWAYS_SEARCH_USER_PATHS = NO;
				CLANG_ANALYZER_NONNULL = YES;
				CLANG_ANALYZER_NUMBER_OBJECT_CONVERSION = YES_AGGRESSIVE;
				CLANG_CXX_LANGUAGE_STANDARD = "gnu++14";
				CLANG_CXX_LIBRARY = "libc++";
				CLANG_ENABLE_MODULES = YES;
				CLANG_ENABLE_OBJC_ARC = YES;
				CLANG_ENABLE_OBJC_WEAK = YES;
				CLANG_WARN_BLOCK_CAPTURE_AUTORELEASING = YES;
				CLANG_WARN_BOOL_CONVERSION = YES;
				CLANG_WARN_COMMA = YES;
				CLANG_WARN_CONSTANT_CONVERSION = YES;
				CLANG_WARN_DEPRECATED_OBJC_IMPLEMENTATIONS = YES;
				CLANG_WARN_DIRECT_OBJC_ISA_USAGE = YES_ERROR;
				CLANG_WARN_DOCUMENTATION_COMMENTS = YES;
				CLANG_WARN_EMPTY_BODY = YES;
				CLANG_WARN_ENUM_CONVERSION = YES;
				CLANG_WARN_INFINITE_RECURSION = YES;
				CLANG_WARN_INT_CONVERSION = YES;
				CLANG_WARN_NON_LITERAL_NULL_CONVERSION = YES;
				CLANG_WARN_OBJC_IMPLICIT_RETAIN_SELF = YES;
				CLANG_WARN_OBJC_LITERAL_CONVERSION = YES;
				CLANG_WARN_OBJC_ROOT_CLASS = YES_ERROR;
				CLANG_WARN_QUOTED_INCLUDE_IN_FRAMEWORK_HEADER = YES;
				CLANG_WARN_RANGE_LOOP_ANALYSIS = YES;
				CLANG_WARN_STRICT_PROTOTYPES = YES;
				CLANG_WARN_SUSPICIOUS_MOVE = YES;
				CLANG_WARN_UNGUARDED_AVAILABILITY = YES_AGGRESSIVE;
				CLANG_WARN_UNREACHABLE_CODE = YES;
				CLANG_WARN__DUPLICATE_METHOD_MATCH = YES;
				COPY_PHASE_STRIP = NO;
				DEBUG_INFORMATION_FORMAT = "dwarf-with-dsym";
				ENABLE_NS_ASSERTIONS = NO;
				ENABLE_STRICT_OBJC_MSGSEND = YES;
				GCC_C_LANGUAGE_STANDARD = gnu11;
				GCC_NO_COMMON_BLOCKS = YES;
				GCC_WARN_64_TO_32_BIT_CONVERSION = YES;
				GCC_WARN_ABOUT_RETURN_TYPE = YES_ERROR;
				GCC_WARN_UNDECLARED_SELECTOR = YES;
				GCC_WARN_UNINITIALIZED_AUTOS = YES_AGGRESSIVE;
				GCC_WARN_UNUSED_FUNCTION = YES;
				GCC_WARN_UNUSED_VARIABLE = YES;
				IPHONEOS_DEPLOYMENT_TARGET = 14.5;
				MTL_ENABLE_DEBUG_INFO = NO;
				MTL_FAST_MATH = YES;
				SDKROOT = iphoneos;
				SWIFT_COMPILATION_MODE = wholemodule;
				SWIFT_OPTIMIZATION_LEVEL = "-O";
				VALIDATE_PRODUCT = YES;
			};
			name = "Prod Release";
		};
		F2997BA42666B40A0011969D /* Prod Release */ = {
			isa = XCBuildConfiguration;
			buildSettings = {
				APP_NAME = "Nommies Prod";
				ASSETCATALOG_COMPILER_APPICON_NAME = AppIcon;
				ASSETCATALOG_COMPILER_GLOBAL_ACCENT_COLOR_NAME = AccentColor;
				CODE_SIGN_STYLE = Automatic;
				DEVELOPMENT_ASSET_PATHS = "\"Nommies/Preview Content\"";
				DEVELOPMENT_TEAM = 3V6GH9JAQD;
				ENABLE_PREVIEWS = YES;
				INFOPLIST_FILE = Nommies/Info.plist;
				IPHONEOS_DEPLOYMENT_TARGET = 14.0;
				LD_RUNPATH_SEARCH_PATHS = (
					"$(inherited)",
					"@executable_path/Frameworks",
				);
				PRODUCT_BUNDLE_IDENTIFIER = com.pf.Nommies_Prod;
				PRODUCT_NAME = "$(TARGET_NAME)";
				SWIFT_ACTIVE_COMPILATION_CONDITIONS = PROD;
				SWIFT_VERSION = 5.0;
				TARGETED_DEVICE_FAMILY = 1;
			};
			name = "Prod Release";
		};
/* End XCBuildConfiguration section */

/* Begin XCConfigurationList section */
		F2997B8A2666B3810011969D /* Build configuration list for PBXProject "Nommies" */ = {
			isa = XCConfigurationList;
			buildConfigurations = (
				F2997B9C2666B3840011969D /* Dev Debug */,
				F2997BA12666B3FE0011969D /* Prod Debug */,
				F2997B9D2666B3840011969D /* Dev Release */,
				F2997BA32666B40A0011969D /* Prod Release */,
			);
			defaultConfigurationIsVisible = 0;
			defaultConfigurationName = "Dev Release";
		};
		F2997B9E2666B3840011969D /* Build configuration list for PBXNativeTarget "Nommies" */ = {
			isa = XCConfigurationList;
			buildConfigurations = (
				F2997B9F2666B3840011969D /* Dev Debug */,
				F2997BA22666B3FE0011969D /* Prod Debug */,
				F2997BA02666B3840011969D /* Dev Release */,
				F2997BA42666B40A0011969D /* Prod Release */,
			);
			defaultConfigurationIsVisible = 0;
			defaultConfigurationName = "Dev Release";
		};
/* End XCConfigurationList section */
	};
	rootObject = F2997B872666B3810011969D /* Project object */;
}
